
Microsoft Visual Studio Solution File, Format Version 12.00
# Visual Studio Version 16
VisualStudioVersion = 16.0.30114.105
MinimumVisualStudioVersion = 10.0.40219.1
Project("{2150E333-8FDC-42A3-9474-1A3956D46DE8}") = "src", "src", "{7684FE21-2C47-47BD-913D-61EC6112F638}"
EndProject
Project("{FAE04EC0-301F-11D3-BF4B-00C04F79EFBC}") = "Netcorext.EntityFramework.UserIdentityPattern", "src\Netcorext.EntityFramework.UserIdentityPattern\Netcorext.EntityFramework.UserIdentityPattern.csproj", "{9F0DD83D-A372-4C64-A0B9-C4FB9B04BB76}"
EndProject
Project("{FAE04EC0-301F-11D3-BF4B-00C04F79EFBC}") = "Netcorext.EntityFramework.UserIdentityPattern.AspNetCore", "src\Netcorext.EntityFramework.UserIdentityPattern.AspNetCore\Netcorext.EntityFramework.UserIdentityPattern.AspNetCore.csproj", "{B732B6FF-7C0C-457E-B10A-97CC1181BE7A}"
EndProject
Global
	GlobalSection(SolutionConfigurationPlatforms) = preSolution
		Debug|Any CPU = Debug|Any CPU
		Release|Any CPU = Release|Any CPU
	EndGlobalSection
	GlobalSection(SolutionProperties) = preSolution
		HideSolutionNode = FALSE
	EndGlobalSection
	GlobalSection(ProjectConfigurationPlatforms) = postSolution
		{9F0DD83D-A372-4C64-A0B9-C4FB9B04BB76}.Debug|Any CPU.ActiveCfg = Debug|Any CPU
		{9F0DD83D-A372-4C64-A0B9-C4FB9B04BB76}.Debug|Any CPU.Build.0 = Debug|Any CPU
		{9F0DD83D-A372-4C64-A0B9-C4FB9B04BB76}.Release|Any CPU.ActiveCfg = Release|Any CPU
		{9F0DD83D-A372-4C64-A0B9-C4FB9B04BB76}.Release|Any CPU.Build.0 = Release|Any CPU
		{B732B6FF-7C0C-457E-B10A-97CC1181BE7A}.Debug|Any CPU.ActiveCfg = Debug|Any CPU
		{B732B6FF-7C0C-457E-B10A-97CC1181BE7A}.Debug|Any CPU.Build.0 = Debug|Any CPU
		{B732B6FF-7C0C-457E-B10A-97CC1181BE7A}.Release|Any CPU.ActiveCfg = Release|Any CPU
		{B732B6FF-7C0C-457E-B10A-97CC1181BE7A}.Release|Any CPU.Build.0 = Release|Any CPU
	EndGlobalSection
	GlobalSection(NestedProjects) = preSolution
		{9F0DD83D-A372-4C64-A0B9-C4FB9B04BB76} = {7684FE21-2C47-47BD-913D-61EC6112F638}
		{B732B6FF-7C0C-457E-B10A-97CC1181BE7A} = {7684FE21-2C47-47BD-913D-61EC6112F638}
	EndGlobalSection
EndGlobal
